# @generated by Move, please check-in and do not edit manually.

[move]
version = 2
manifest_digest = "9721447F29946674D6846478FAE936F6200E9FC1F713E8ED50833CB9CA7AF68B"
deps_digest = "F8BBB0CCB2491CA29A3DF03D6F92277A4F3574266507ACD77214D37ECA3F3082"
dependencies = [
  { name = "Sui" },
]

[[move.package]]
name = "MoveStdlib"
source = { git = "https://github.com/MystenLabs/sui.git", rev = "a4185da5659d8d299d34e1bb2515ff1f7e32a20a", subdir = "crates/sui-framework/packages/move-stdlib" }

[[move.package]]
name = "Sui"
source = { git = "https://github.com/MystenLabs/sui.git", rev = "a4185da5659d8d299d34e1bb2515ff1f7e32a20a", subdir = "crates/sui-framework/packages/sui-framework" }

dependencies = [
  { name = "MoveStdlib" },
]

[move.toolchain-version]
compiler-version = "1.32.2"
edition = "2024.beta"
flavor = "sui"

[env]

[env.testnet]
chain-id = "4c78adac"
original-published-id = "0x252b1dd4b853d6b4c0721cf3f55c0587c940ee4d386d1b1cb5f46fa16e3de98a"
latest-published-id = "0x252b1dd4b853d6b4c0721cf3f55c0587c940ee4d386d1b1cb5f46fa16e3de98a"
published-version = "1"

[env.mainnet]
chain-id = "35834a8a"
original-published-id = "0xe0917b74a5912e4ad186ac634e29c922ab83903f71af7500969f9411706f9b9a"
latest-published-id = "0xe0917b74a5912e4ad186ac634e29c922ab83903f71af7500969f9411706f9b9a"
published-version = "1"
