# @generated by Move, please check-in and do not edit manually.

[move]
version = 2
manifest_digest = "2D16DF7BBB460E26A4151FFCA9834972024289FF6DFDD87F005D543C741A929E"
deps_digest = "3C4103934B1E040BB6B23F1D610B4EF9F2F1166A50A104EADCF77467C004C600"
dependencies = [
  { name = "Sui" },
  { name = "sui_extensions" },
]

[[move.package]]
name = "MoveStdlib"
source = { git = "https://github.com/MystenLabs/sui.git", rev = "a4185da5659d8d299d34e1bb2515ff1f7e32a20a", subdir = "crates/sui-framework/packages/move-stdlib" }

[[move.package]]
name = "Sui"
source = { git = "https://github.com/MystenLabs/sui.git", rev = "a4185da5659d8d299d34e1bb2515ff1f7e32a20a", subdir = "crates/sui-framework/packages/sui-framework" }

dependencies = [
  { name = "MoveStdlib" },
]

[[move.package]]
name = "sui_extensions"
source = { local = "../sui_extensions" }

dependencies = [
  { name = "Sui" },
]

[move.toolchain-version]
compiler-version = "1.32.2"
edition = "2024.beta"
flavor = "sui"

[env]

[env.testnet]
chain-id = "4c78adac"
original-published-id = "0x346e3233f61eb0055713417bfaddda7dc3bf26816faad1f7606994a368b92917"
latest-published-id = "0x346e3233f61eb0055713417bfaddda7dc3bf26816faad1f7606994a368b92917"
published-version = "1"

[env.mainnet]
chain-id = "35834a8a"
original-published-id = "0xecf47609d7da919ea98e7fd04f6e0648a0a79b337aaad373fa37aac8febf19c8"
latest-published-id = "0xecf47609d7da919ea98e7fd04f6e0648a0a79b337aaad373fa37aac8febf19c8"
published-version = "1"
