# @generated by Move, please check-in and do not edit manually.

[move]
version = 1
manifest_digest = "71CE0F2BCE951A372C0929E8D2A9AE70574F3FF0CB741C1EA49BD64C124698CD"
deps_digest = "3C4103934B1E040BB6B23F1D610B4EF9F2F1166A50A104EADCF77467C004C600"
dependencies = [
  { name = "Sui" },
  { name = "Toma", addr_subst = { "toma" = "e53e53691bedc994c323226b66faa1c539b89229002a105cc3a49f16bb2333ff" } },
]

[[move.package]]
name = "MoveStdlib"
source = { git = "https://github.com/MystenLabs/sui.git", rev = "mainnet-v1.26.2", subdir = "crates/sui-framework/packages/move-stdlib" }

[[move.package]]
name = "Sui"
source = { git = "https://github.com/MystenLabs/sui.git", rev = "mainnet-v1.26.2", subdir = "crates/sui-framework/packages/sui-framework" }

dependencies = [
  { name = "MoveStdlib" },
]

[[move.package]]
name = "Toma"
source = { local = "../toma" }

dependencies = [
  { name = "Sui" },
]

[move.toolchain-version]
compiler-version = "1.27.0"
edition = "2024.beta"
flavor = "sui"

[env]

[env.devnet]
chain-id = "2b337d4f"
original-published-id = "0x75b0255ae886eefcb9c3df8c1c12fc4175e6c3625b36252184c2fe1790562aa7"
latest-published-id = "0x75b0255ae886eefcb9c3df8c1c12fc4175e6c3625b36252184c2fe1790562aa7"
published-version = "1"

[env.testnet]
chain-id = "4c78adac"
original-published-id = "0xe9d6cc81a12b2c1b7cd174b2e0b82293248485cc5db4f5626ab8131012c45d87"
latest-published-id = "0xe9d6cc81a12b2c1b7cd174b2e0b82293248485cc5db4f5626ab8131012c45d87"
published-version = "1"
