# @generated by Move, please check-in and do not edit manually.

[move]
version = 1
manifest_digest = "03FCEB15F2A337E5D00D7925852D69B85A0397DB862B4EC10DB8E7AD8A3DE6EC"
deps_digest = "F8BBB0CCB2491CA29A3DF03D6F92277A4F3574266507ACD77214D37ECA3F3082"
dependencies = [
  { name = "Sui" },
]

[[move.package]]
name = "MoveStdlib"
source = { git = "https://github.com/MystenLabs/sui.git", rev = "framework/devnet", subdir = "crates/sui-framework/packages/move-stdlib" }

[[move.package]]
name = "Sui"
source = { git = "https://github.com/MystenLabs/sui.git", rev = "framework/devnet", subdir = "crates/sui-framework/packages/sui-framework" }

dependencies = [
  { name = "MoveStdlib" },
]

[move.toolchain-version]
compiler-version = "1.27.0"
edition = "2024.beta"
flavor = "sui"

[env]

[env.testnet]
chain-id = "4c78adac"
original-published-id = "0x45b8a11e39f422ce4f27e34d4de2f0e066b2b2ac23d44c645b70c4f9e0b78e1f"
latest-published-id = "0x45b8a11e39f422ce4f27e34d4de2f0e066b2b2ac23d44c645b70c4f9e0b78e1f"
published-version = "1"

[env.devnet]
chain-id = "ddb98719"
original-published-id = "0x9ae2502377fe137470180a0edf639bd9e30373eae6778f52133dbcf519e34402"
latest-published-id = "0x9ae2502377fe137470180a0edf639bd9e30373eae6778f52133dbcf519e34402"
published-version = "1"
