# @generated by Move, please check-in and do not edit manually.

[move]
version = 1
manifest_digest = "4546AF3231FD1BAF6780492B0FE694D178F1FCA5DCF38D49F867A320D1DDD322"
deps_digest = "F8BBB0CCB2491CA29A3DF03D6F92277A4F3574266507ACD77214D37ECA3F3082"
dependencies = [
  { name = "Sui" },
]

[[move.package]]
name = "MoveStdlib"
source = { git = "https://github.com/MystenLabs/sui.git", rev = "mainnet-v1.24.1", subdir = "crates/sui-framework/packages/move-stdlib" }

[[move.package]]
name = "Sui"
source = { git = "https://github.com/MystenLabs/sui.git", rev = "mainnet-v1.24.1", subdir = "crates/sui-framework/packages/sui-framework" }

dependencies = [
  { name = "MoveStdlib" },
]

[move.toolchain-version]
compiler-version = "1.24.1"
edition = "2024.beta"
flavor = "sui"
