# @generated by Move, please check-in and do not edit manually.

[move]
version = 3
manifest_digest = "A78B9F85C6A945AAE8309AC96D7807575B7407EFFEC2BE62F5F84A842897D08A"
deps_digest = "F8BBB0CCB2491CA29A3DF03D6F92277A4F3574266507ACD77214D37ECA3F3082"
dependencies = [
  { id = "Sui", name = "Sui" },
]

[[move.package]]
id = "MoveStdlib"
source = { git = "https://github.com/MystenLabs/sui.git", rev = "framework/testnet", subdir = "crates/sui-framework/packages/move-stdlib" }

[[move.package]]
id = "Sui"
source = { git = "https://github.com/MystenLabs/sui.git", rev = "framework/testnet", subdir = "crates/sui-framework/packages/sui-framework" }

dependencies = [
  { id = "MoveStdlib", name = "MoveStdlib" },
]

[move.toolchain-version]
compiler-version = "1.38.2"
edition = "2024.beta"
flavor = "sui"

[env]

[env.testnet]
chain-id = "4c78adac"
original-published-id = "0xd38db2b743ce982e01de318eb98e2bae24fed09b8dca5ae267bdbbd38e56f746"
latest-published-id = "0xd38db2b743ce982e01de318eb98e2bae24fed09b8dca5ae267bdbbd38e56f746"
published-version = "1"

[env.devnet]
chain-id = "663dca31"
original-published-id = "0xdb6eeece051df34fbb572a0766310a8d4f7556b1ad045c16d7b1a571b921fc38"
latest-published-id = "0xdb6eeece051df34fbb572a0766310a8d4f7556b1ad045c16d7b1a571b921fc38"
published-version = "1"
